// !$*UTF8*$!
{
	archiveVersion = 1;
	classes = {
	};
	objectVersion = 55;
	objects = {

/* Begin PBXBuildFile section */
		177E08D02791CD1300BA7AB9 /* AppDelegate.swift in Sources */ = {isa = PBXBuildFile; fileRef = 177E08CF2791CD1300BA7AB9 /* AppDelegate.swift */; };
		177E08D22791CD1300BA7AB9 /* SceneDelegate.swift in Sources */ = {isa = PBXBuildFile; fileRef = 177E08D12791CD1300BA7AB9 /* SceneDelegate.swift */; };
		177E08D42791CD1300BA7AB9 /* ViewController.swift in Sources */ = {isa = PBXBuildFile; fileRef = 177E08D32791CD1300BA7AB9 /* ViewController.swift */; };
		177E08D72791CD1300BA7AB9 /* Main.storyboard in Resources */ = {isa = PBXBuildFile; fileRef = 177E08D52791CD1300BA7AB9 /* Main.storyboard */; };
		177E08DA2791CD1300BA7AB9 /* ArtBook.xcdatamodeld in Sources */ = {isa = PBXBuildFile; fileRef = 177E08D82791CD1300BA7AB9 /* ArtBook.xcdatamodeld */; };
		177E08DC2791CD1400BA7AB9 /* Assets.xcassets in Resources */ = {isa = PBXBuildFile; fileRef = 177E08DB2791CD1400BA7AB9 /* Assets.xcassets */; };
		177E08DF2791CD1400BA7AB9 /* LaunchScreen.storyboard in Resources */ = {isa = PBXBuildFile; fileRef = 177E08DD2791CD1400BA7AB9 /* LaunchScreen.storyboard */; };
		177E08EA2791CD1500BA7AB9 /* ArtBookTests.swift in Sources */ = {isa = PBXBuildFile; fileRef = 177E08E92791CD1500BA7AB9 /* ArtBookTests.swift */; };
		177E08F42791CD1500BA7AB9 /* ArtBookUITests.swift in Sources */ = {isa = PBXBuildFile; fileRef = 177E08F32791CD1500BA7AB9 /* ArtBookUITests.swift */; };
		177E08F62791CD1500BA7AB9 /* ArtBookUITestsLaunchTests.swift in Sources */ = {isa = PBXBuildFile; fileRef = 177E08F52791CD1500BA7AB9 /* ArtBookUITestsLaunchTests.swift */; };
		177E09032791CEB300BA7AB9 /* DetailsViewController.swift in Sources */ = {isa = PBXBuildFile; fileRef = 177E09022791CEB300BA7AB9 /* DetailsViewController.swift */; };
/* End PBXBuildFile section */

/* Begin PBXContainerItemProxy section */
		177E08E62791CD1500BA7AB9 /* PBXContainerItemProxy */ = {
			isa = PBXContainerItemProxy;
			containerPortal = 177E08C42791CD1300BA7AB9 /* Project object */;
			proxyType = 1;
			remoteGlobalIDString = 177E08CB2791CD1300BA7AB9;
			remoteInfo = ArtBook;
		};
		177E08F02791CD1500BA7AB9 /* PBXContainerItemProxy */ = {
			isa = PBXContainerItemProxy;
			containerPortal = 177E08C42791CD1300BA7AB9 /* Project object */;
			proxyType = 1;
			remoteGlobalIDString = 177E08CB2791CD1300BA7AB9;
			remoteInfo = ArtBook;
		};
/* End PBXContainerItemProxy section */

/* Begin PBXFileReference section */
		177E08CC2791CD1300BA7AB9 /* ArtBook.app */ = {isa = PBXFileReference; explicitFileType = wrapper.application; includeInIndex = 0; path = ArtBook.app; sourceTree = BUILT_PRODUCTS_DIR; };
		177E08CF2791CD1300BA7AB9 /* AppDelegate.swift */ = {isa = PBXFileReference; lastKnownFileType = sourcecode.swift; path = AppDelegate.swift; sourceTree = "<group>"; };
		177E08D12791CD1300BA7AB9 /* SceneDelegate.swift */ = {isa = PBXFileReference; lastKnownFileType = sourcecode.swift; path = SceneDelegate.swift; sourceTree = "<group>"; };
		177E08D32791CD1300BA7AB9 /* ViewController.swift */ = {isa = PBXFileReference; lastKnownFileType = sourcecode.swift; path = ViewController.swift; sourceTree = "<group>"; };
		177E08D62791CD1300BA7AB9 /* Base */ = {isa = PBXFileReference; lastKnownFileType = file.storyboard; name = Base; path = Base.lproj/Main.storyboard; sourceTree = "<group>"; };
		177E08D92791CD1300BA7AB9 /* ArtBook.xcdatamodel */ = {isa = PBXFileReference; lastKnownFileType = wrapper.xcdatamodel; path = ArtBook.xcdatamodel; sourceTree = "<group>"; };
		177E08DB2791CD1400BA7AB9 /* Assets.xcassets */ = {isa = PBXFileReference; lastKnownFileType = folder.assetcatalog; path = Assets.xcassets; sourceTree = "<group>"; };
		177E08DE2791CD1400BA7AB9 /* Base */ = {isa = PBXFileReference; lastKnownFileType = file.storyboard; name = Base; path = Base.lproj/LaunchScreen.storyboard; sourceTree = "<group>"; };
		177E08E02791CD1400BA7AB9 /* Info.plist */ = {isa = PBXFileReference; lastKnownFileType = text.plist.xml; path = Info.plist; sourceTree = "<group>"; };
		177E08E52791CD1500BA7AB9 /* ArtBookTests.xctest */ = {isa = PBXFileReference; explicitFileType = wrapper.cfbundle; includeInIndex = 0; path = ArtBookTests.xctest; sourceTree = BUILT_PRODUCTS_DIR; };
		177E08E92791CD1500BA7AB9 /* ArtBookTests.swift */ = {isa = PBXFileReference; lastKnownFileType = sourcecode.swift; path = ArtBookTests.swift; sourceTree = "<group>"; };
		177E08EF2791CD1500BA7AB9 /* ArtBookUITests.xctest */ = {isa = PBXFileReference; explicitFileType = wrapper.cfbundle; includeInIndex = 0; path = ArtBookUITests.xctest; sourceTree = BUILT_PRODUCTS_DIR; };
		177E08F32791CD1500BA7AB9 /* ArtBookUITests.swift */ = {isa = PBXFileReference; lastKnownFileType = sourcecode.swift; path = ArtBookUITests.swift; sourceTree = "<group>"; };
		177E08F52791CD1500BA7AB9 /* ArtBookUITestsLaunchTests.swift */ = {isa = PBXFileReference; lastKnownFileType = sourcecode.swift; path = ArtBookUITestsLaunchTests.swift; sourceTree = "<group>"; };
		177E09022791CEB300BA7AB9 /* DetailsViewController.swift */ = {isa = PBXFileReference; lastKnownFileType = sourcecode.swift; path = DetailsViewController.swift; sourceTree = "<group>"; };
/* End PBXFileReference section */

/* Begin PBXFrameworksBuildPhase section */
		177E08C92791CD1300BA7AB9 /* Frameworks */ = {
			isa = PBXFrameworksBuildPhase;
			buildActionMask = 2147483647;
			files = (
			);
			runOnlyForDeploymentPostprocessing = 0;
		};
		177E08E22791CD1500BA7AB9 /* Frameworks */ = {
			isa = PBXFrameworksBuildPhase;
			buildActionMask = 2147483647;
			files = (
			);
			runOnlyForDeploymentPostprocessing = 0;
		};
		177E08EC2791CD1500BA7AB9 /* Frameworks */ = {
			isa = PBXFrameworksBuildPhase;
			buildActionMask = 2147483647;
			files = (
			);
			runOnlyForDeploymentPostprocessing = 0;
		};
/* End PBXFrameworksBuildPhase section */

/* Begin PBXGroup section */
		177E08C32791CD1300BA7AB9 = {
			isa = PBXGroup;
			children = (
				177E08CE2791CD1300BA7AB9 /* ArtBook */,
				177E08E82791CD1500BA7AB9 /* ArtBookTests */,
				177E08F22791CD1500BA7AB9 /* ArtBookUITests */,
				177E08CD2791CD1300BA7AB9 /* Products */,
			);
			sourceTree = "<group>";
		};
		177E08CD2791CD1300BA7AB9 /* Products */ = {
			isa = PBXGroup;
			children = (
				177E08CC2791CD1300BA7AB9 /* ArtBook.app */,
				177E08E52791CD1500BA7AB9 /* ArtBookTests.xctest */,
				177E08EF2791CD1500BA7AB9 /* ArtBookUITests.xctest */,
			);
			name = Products;
			sourceTree = "<group>";
		};
		177E08CE2791CD1300BA7AB9 /* ArtBook */ = {
			isa = PBXGroup;
			children = (
				177E08CF2791CD1300BA7AB9 /* AppDelegate.swift */,
				177E08D12791CD1300BA7AB9 /* SceneDelegate.swift */,
				177E08D32791CD1300BA7AB9 /* ViewController.swift */,
				177E08D52791CD1300BA7AB9 /* Main.storyboard */,
				177E08DB2791CD1400BA7AB9 /* Assets.xcassets */,
				177E08DD2791CD1400BA7AB9 /* LaunchScreen.storyboard */,
				177E08E02791CD1400BA7AB9 /* Info.plist */,
				177E08D82791CD1300BA7AB9 /* ArtBook.xcdatamodeld */,
				177E09022791CEB300BA7AB9 /* DetailsViewController.swift */,
			);
			path = ArtBook;
			sourceTree = "<group>";
		};
		177E08E82791CD1500BA7AB9 /* ArtBookTests */ = {
			isa = PBXGroup;
			children = (
				177E08E92791CD1500BA7AB9 /* ArtBookTests.swift */,
			);
			path = ArtBookTests;
			sourceTree = "<group>";
		};
		177E08F22791CD1500BA7AB9 /* ArtBookUITests */ = {
			isa = PBXGroup;
			children = (
				177E08F32791CD1500BA7AB9 /* ArtBookUITests.swift */,
				177E08F52791CD1500BA7AB9 /* ArtBookUITestsLaunchTests.swift */,
			);
			path = ArtBookUITests;
			sourceTree = "<group>";
		};
/* End PBXGroup section */

/* Begin PBXNativeTarget section */
		177E08CB2791CD1300BA7AB9 /* ArtBook */ = {
			isa = PBXNativeTarget;
			buildConfigurationList = 177E08F92791CD1500BA7AB9 /* Build configuration list for PBXNativeTarget "ArtBook" */;
			buildPhases = (
				177E08C82791CD1300BA7AB9 /* Sources */,
				177E08C92791CD1300BA7AB9 /* Frameworks */,
				177E08CA2791CD1300BA7AB9 /* Resources */,
			);
			buildRules = (
			);
			dependencies = (
			);
			name = ArtBook;
			productName = ArtBook;
			productReference = 177E08CC2791CD1300BA7AB9 /* ArtBook.app */;
			productType = "com.apple.product-type.application";
		};
		177E08E42791CD1500BA7AB9 /* ArtBookTests */ = {
			isa = PBXNativeTarget;
			buildConfigurationList = 177E08FC2791CD1500BA7AB9 /* Build configuration list for PBXNativeTarget "ArtBookTests" */;
			buildPhases = (
				177E08E12791CD1500BA7AB9 /* Sources */,
				177E08E22791CD1500BA7AB9 /* Frameworks */,
				177E08E32791CD1500BA7AB9 /* Resources */,
			);
			buildRules = (
			);
			dependencies = (
				177E08E72791CD1500BA7AB9 /* PBXTargetDependency */,
			);
			name = ArtBookTests;
			productName = ArtBookTests;
			productReference = 177E08E52791CD1500BA7AB9 /* ArtBookTests.xctest */;
			productType = "com.apple.product-type.bundle.unit-test";
		};
		177E08EE2791CD1500BA7AB9 /* ArtBookUITests */ = {
			isa = PBXNativeTarget;
			buildConfigurationList = 177E08FF2791CD1500BA7AB9 /* Build configuration list for PBXNativeTarget "ArtBookUITests" */;
			buildPhases = (
				177E08EB2791CD1500BA7AB9 /* Sources */,
				177E08EC2791CD1500BA7AB9 /* Frameworks */,
				177E08ED2791CD1500BA7AB9 /* Resources */,
			);
			buildRules = (
			);
			dependencies = (
				177E08F12791CD1500BA7AB9 /* PBXTargetDependency */,
			);
			name = ArtBookUITests;
			productName = ArtBookUITests;
			productReference = 177E08EF2791CD1500BA7AB9 /* ArtBookUITests.xctest */;
			productType = "com.apple.product-type.bundle.ui-testing";
		};
/* End PBXNativeTarget section */

/* Begin PBXProject section */
		177E08C42791CD1300BA7AB9 /* Project object */ = {
			isa = PBXProject;
			attributes = {
				BuildIndependentTargetsInParallel = 1;
				LastSwiftUpdateCheck = 1320;
				LastUpgradeCheck = 1320;
				TargetAttributes = {
					177E08CB2791CD1300BA7AB9 = {
						CreatedOnToolsVersion = 13.2;
					};
					177E08E42791CD1500BA7AB9 = {
						CreatedOnToolsVersion = 13.2;
						TestTargetID = 177E08CB2791CD1300BA7AB9;
					};
					177E08EE2791CD1500BA7AB9 = {
						CreatedOnToolsVersion = 13.2;
						TestTargetID = 177E08CB2791CD1300BA7AB9;
					};
				};
			};
			buildConfigurationList = 177E08C72791CD1300BA7AB9 /* Build configuration list for PBXProject "ArtBook" */;
			compatibilityVersion = "Xcode 13.0";
			developmentRegion = en;
			hasScannedForEncodings = 0;
			knownRegions = (
				en,
				Base,
			);
			mainGroup = 177E08C32791CD1300BA7AB9;
			productRefGroup = 177E08CD2791CD1300BA7AB9 /* Products */;
			projectDirPath = "";
			projectRoot = "";
			targets = (
				177E08CB2791CD1300BA7AB9 /* ArtBook */,
				177E08E42791CD1500BA7AB9 /* ArtBookTests */,
				177E08EE2791CD1500BA7AB9 /* ArtBookUITests */,
			);
		};
/* End PBXProject section */

/* Begin PBXResourcesBuildPhase section */
		177E08CA2791CD1300BA7AB9 /* Resources */ = {
			isa = PBXResourcesBuildPhase;
			buildActionMask = 2147483647;
			files = (
				177E08DF2791CD1400BA7AB9 /* LaunchScreen.storyboard in Resources */,
				177E08DC2791CD1400BA7AB9 /* Assets.xcassets in Resources */,
				177E08D72791CD1300BA7AB9 /* Main.storyboard in Resources */,
			);
			runOnlyForDeploymentPostprocessing = 0;
		};
		177E08E32791CD1500BA7AB9 /* Resources */ = {
			isa = PBXResourcesBuildPhase;
			buildActionMask = 2147483647;
			files = (
			);
			runOnlyForDeploymentPostprocessing = 0;
		};
		177E08ED2791CD1500BA7AB9 /* Resources */ = {
			isa = PBXResourcesBuildPhase;
			buildActionMask = 2147483647;
			files = (
			);
			runOnlyForDeploymentPostprocessing = 0;
		};
/* End PBXResourcesBuildPhase section */

/* Begin PBXSourcesBuildPhase section */
		177E08C82791CD1300BA7AB9 /* Sources */ = {
			isa = PBXSourcesBuildPhase;
			buildActionMask = 2147483647;
			files = (
				177E08D42791CD1300BA7AB9 /* ViewController.swift in Sources */,
				177E08D02791CD1300BA7AB9 /* AppDelegate.swift in Sources */,
				177E08DA2791CD1300BA7AB9 /* ArtBook.xcdatamodeld in Sources */,
				177E08D22791CD1300BA7AB9 /* SceneDelegate.swift in Sources */,
				177E09032791CEB300BA7AB9 /* DetailsViewController.swift in Sources */,
			);
			runOnlyForDeploymentPostprocessing = 0;
		};
		177E08E12791CD1500BA7AB9 /* Sources */ = {
			isa = PBXSourcesBuildPhase;
			buildActionMask = 2147483647;
			files = (
				177E08EA2791CD1500BA7AB9 /* ArtBookTests.swift in Sources */,
			);
			runOnlyForDeploymentPostprocessing = 0;
		};
		177E08EB2791CD1500BA7AB9 /* Sources */ = {
			isa = PBXSourcesBuildPhase;
			buildActionMask = 2147483647;
			files = (
				177E08F42791CD1500BA7AB9 /* ArtBookUITests.swift in Sources */,
				177E08F62791CD1500BA7AB9 /* ArtBookUITestsLaunchTests.swift in Sources */,
			);
			runOnlyForDeploymentPostprocessing = 0;
		};
/* End PBXSourcesBuildPhase section */

/* Begin PBXTargetDependency section */
		177E08E72791CD1500BA7AB9 /* PBXTargetDependency */ = {
			isa = PBXTargetDependency;
			target = 177E08CB2791CD1300BA7AB9 /* ArtBook */;
			targetProxy = 177E08E62791CD1500BA7AB9 /* PBXContainerItemProxy */;
		};
		177E08F12791CD1500BA7AB9 /* PBXTargetDependency */ = {
			isa = PBXTargetDependency;
			target = 177E08CB2791CD1300BA7AB9 /* ArtBook */;
			targetProxy = 177E08F02791CD1500BA7AB9 /* PBXContainerItemProxy */;
		};
/* End PBXTargetDependency section */

/* Begin PBXVariantGroup section */
		177E08D52791CD1300BA7AB9 /* Main.storyboard */ = {
			isa = PBXVariantGroup;
			children = (
				177E08D62791CD1300BA7AB9 /* Base */,
			);
			name = Main.storyboard;
			sourceTree = "<group>";
		};
		177E08DD2791CD1400BA7AB9 /* LaunchScreen.storyboard */ = {
			isa = PBXVariantGroup;
			children = (
				177E08DE2791CD1400BA7AB9 /* Base */,
			);
			name = LaunchScreen.storyboard;
			sourceTree = "<group>";
		};
/* End PBXVariantGroup section */

/* Begin XCBuildConfiguration section */
		177E08F72791CD1500BA7AB9 /* Debug */ = {
			isa = XCBuildConfiguration;
			buildSettings = {
				ALWAYS_SEARCH_USER_PATHS = NO;
				CLANG_ANALYZER_NONNULL = YES;
				CLANG_ANALYZER_NUMBER_OBJECT_CONVERSION = YES_AGGRESSIVE;
				CLANG_CXX_LANGUAGE_STANDARD = "gnu++17";
				CLANG_CXX_LIBRARY = "libc++";
				CLANG_ENABLE_MODULES = YES;
				CLANG_ENABLE_OBJC_ARC = YES;
				CLANG_ENABLE_OBJC_WEAK = YES;
				CLANG_WARN_BLOCK_CAPTURE_AUTORELEASING = YES;
				CLANG_WARN_BOOL_CONVERSION = YES;
				CLANG_WARN_COMMA = YES;
				CLANG_WARN_CONSTANT_CONVERSION = YES;
				CLANG_WARN_DEPRECATED_OBJC_IMPLEMENTATIONS = YES;
				CLANG_WARN_DIRECT_OBJC_ISA_USAGE = YES_ERROR;
				CLANG_WARN_DOCUMENTATION_COMMENTS = YES;
				CLANG_WARN_EMPTY_BODY = YES;
				CLANG_WARN_ENUM_CONVERSION = YES;
				CLANG_WARN_INFINITE_RECURSION = YES;
				CLANG_WARN_INT_CONVERSION = YES;
				CLANG_WARN_NON_LITERAL_NULL_CONVERSION = YES;
				CLANG_WARN_OBJC_IMPLICIT_RETAIN_SELF = YES;
				CLANG_WARN_OBJC_LITERAL_CONVERSION = YES;
				CLANG_WARN_OBJC_ROOT_CLASS = YES_ERROR;
				CLANG_WARN_QUOTED_INCLUDE_IN_FRAMEWORK_HEADER = YES;
				CLANG_WARN_RANGE_LOOP_ANALYSIS = YES;
				CLANG_WARN_STRICT_PROTOTYPES = YES;
				CLANG_WARN_SUSPICIOUS_MOVE = YES;
				CLANG_WARN_UNGUARDED_AVAILABILITY = YES_AGGRESSIVE;
				CLANG_WARN_UNREACHABLE_CODE = YES;
				CLANG_WARN__DUPLICATE_METHOD_MATCH = YES;
				COPY_PHASE_STRIP = NO;
				DEBUG_INFORMATION_FORMAT = dwarf;
				ENABLE_STRICT_OBJC_MSGSEND = YES;
				ENABLE_TESTABILITY = YES;
				GCC_C_LANGUAGE_STANDARD = gnu11;
				GCC_DYNAMIC_NO_PIC = NO;
				GCC_NO_COMMON_BLOCKS = YES;
				GCC_OPTIMIZATION_LEVEL = 0;
				GCC_PREPROCESSOR_DEFINITIONS = (
					"DEBUG=1",
					"$(inherited)",
				);
				GCC_WARN_64_TO_32_BIT_CONVERSION = YES;
				GCC_WARN_ABOUT_RETURN_TYPE = YES_ERROR;
				GCC_WARN_UNDECLARED_SELECTOR = YES;
				GCC_WARN_UNINITIALIZED_AUTOS = YES_AGGRESSIVE;
				GCC_WARN_UNUSED_FUNCTION = YES;
				GCC_WARN_UNUSED_VARIABLE = YES;
				IPHONEOS_DEPLOYMENT_TARGET = 15.2;
				MTL_ENABLE_DEBUG_INFO = INCLUDE_SOURCE;
				MTL_FAST_MATH = YES;
				ONLY_ACTIVE_ARCH = YES;
				SDKROOT = iphoneos;
				SWIFT_ACTIVE_COMPILATION_CONDITIONS = DEBUG;
				SWIFT_OPTIMIZATION_LEVEL = "-Onone";
			};
			name = Debug;
		};
		177E08F82791CD1500BA7AB9 /* Release */ = {
			isa = XCBuildConfiguration;
			buildSettings = {
				ALWAYS_SEARCH_USER_PATHS = NO;
				CLANG_ANALYZER_NONNULL = YES;
				CLANG_ANALYZER_NUMBER_OBJECT_CONVERSION = YES_AGGRESSIVE;
				CLANG_CXX_LANGUAGE_STANDARD = "gnu++17";
				CLANG_CXX_LIBRARY = "libc++";
				CLANG_ENABLE_MODULES = YES;
				CLANG_ENABLE_OBJC_ARC = YES;
				CLANG_ENABLE_OBJC_WEAK = YES;
				CLANG_WARN_BLOCK_CAPTURE_AUTORELEASING = YES;
				CLANG_WARN_BOOL_CONVERSION = YES;
				CLANG_WARN_COMMA = YES;
				CLANG_WARN_CONSTANT_CONVERSION = YES;
				CLANG_WARN_DEPRECATED_OBJC_IMPLEMENTATIONS = YES;
				CLANG_WARN_DIRECT_OBJC_ISA_USAGE = YES_ERROR;
				CLANG_WARN_DOCUMENTATION_COMMENTS = YES;
				CLANG_WARN_EMPTY_BODY = YES;
				CLANG_WARN_ENUM_CONVERSION = YES;
				CLANG_WARN_INFINITE_RECURSION = YES;
				CLANG_WARN_INT_CONVERSION = YES;
				CLANG_WARN_NON_LITERAL_NULL_CONVERSION = YES;
				CLANG_WARN_OBJC_IMPLICIT_RETAIN_SELF = YES;
				CLANG_WARN_OBJC_LITERAL_CONVERSION = YES;
				CLANG_WARN_OBJC_ROOT_CLASS = YES_ERROR;
				CLANG_WARN_QUOTED_INCLUDE_IN_FRAMEWORK_HEADER = YES;
				CLANG_WARN_RANGE_LOOP_ANALYSIS = YES;
				CLANG_WARN_STRICT_PROTOTYPES = YES;
				CLANG_WARN_SUSPICIOUS_MOVE = YES;
				CLANG_WARN_UNGUARDED_AVAILABILITY = YES_AGGRESSIVE;
				CLANG_WARN_UNREACHABLE_CODE = YES;
				CLANG_WARN__DUPLICATE_METHOD_MATCH = YES;
				COPY_PHASE_STRIP = NO;
				DEBUG_INFORMATION_FORMAT = "dwarf-with-dsym";
				ENABLE_NS_ASSERTIONS = NO;
				ENABLE_STRICT_OBJC_MSGSEND = YES;
				GCC_C_LANGUAGE_STANDARD = gnu11;
				GCC_NO_COMMON_BLOCKS = YES;
				GCC_WARN_64_TO_32_BIT_CONVERSION = YES;
				GCC_WARN_ABOUT_RETURN_TYPE = YES_ERROR;
				GCC_WARN_UNDECLARED_SELECTOR = YES;
				GCC_WARN_UNINITIALIZED_AUTOS = YES_AGGRESSIVE;
				GCC_WARN_UNUSED_FUNCTION = YES;
				GCC_WARN_UNUSED_VARIABLE = YES;
				IPHONEOS_DEPLOYMENT_TARGET = 15.2;
				MTL_ENABLE_DEBUG_INFO = NO;
				MTL_FAST_MATH = YES;
				SDKROOT = iphoneos;
				SWIFT_COMPILATION_MODE = wholemodule;
				SWIFT_OPTIMIZATION_LEVEL = "-O";
				VALIDATE_PRODUCT = YES;
			};
			name = Release;
		};
		177E08FA2791CD1500BA7AB9 /* Debug */ = {
			isa = XCBuildConfiguration;
			buildSettings = {
				ASSETCATALOG_COMPILER_APPICON_NAME = AppIcon;
				ASSETCATALOG_COMPILER_GLOBAL_ACCENT_COLOR_NAME = AccentColor;
				CODE_SIGN_STYLE = Automatic;
				CURRENT_PROJECT_VERSION = 1;
				DEVELOPMENT_TEAM = 78N4XSKUGS;
				GENERATE_INFOPLIST_FILE = YES;
				INFOPLIST_FILE = ArtBook/Info.plist;
				INFOPLIST_KEY_UIApplicationSupportsIndirectInputEvents = YES;
				INFOPLIST_KEY_UILaunchStoryboardName = LaunchScreen;
				INFOPLIST_KEY_UIMainStoryboardFile = Main;
				INFOPLIST_KEY_UISupportedInterfaceOrientations_iPad = "UIInterfaceOrientationPortrait UIInterfaceOrientationPortraitUpsideDown UIInterfaceOrientationLandscapeLeft UIInterfaceOrientationLandscapeRight";
				INFOPLIST_KEY_UISupportedInterfaceOrientations_iPhone = "UIInterfaceOrientationPortrait UIInterfaceOrientationLandscapeLeft UIInterfaceOrientationLandscapeRight";
				LD_RUNPATH_SEARCH_PATHS = (
					"$(inherited)",
					"@executable_path/Frameworks",
				);
				MARKETING_VERSION = 1.0;
				PRODUCT_BUNDLE_IDENTIFIER = com.ismailpalali.ArtBook;
				PRODUCT_NAME = "$(TARGET_NAME)";
				SWIFT_EMIT_LOC_STRINGS = YES;
				SWIFT_VERSION = 5.0;
				TARGETED_DEVICE_FAMILY = "1,2";
			};
			name = Debug;
		};
		177E08FB2791CD1500BA7AB9 /* Release */ = {
			isa = XCBuildConfiguration;
			buildSettings = {
				ASSETCATALOG_COMPILER_APPICON_NAME = AppIcon;
				ASSETCATALOG_COMPILER_GLOBAL_ACCENT_COLOR_NAME = AccentColor;
				CODE_SIGN_STYLE = Automatic;
				CURRENT_PROJECT_VERSION = 1;
				DEVELOPMENT_TEAM = 78N4XSKUGS;
				GENERATE_INFOPLIST_FILE = YES;
				INFOPLIST_FILE = ArtBook/Info.plist;
				INFOPLIST_KEY_UIApplicationSupportsIndirectInputEvents = YES;
				INFOPLIST_KEY_UILaunchStoryboardName = LaunchScreen;
				INFOPLIST_KEY_UIMainStoryboardFile = Main;
				INFOPLIST_KEY_UISupportedInterfaceOrientations_iPad = "UIInterfaceOrientationPortrait UIInterfaceOrientationPortraitUpsideDown UIInterfaceOrientationLandscapeLeft UIInterfaceOrientationLandscapeRight";
				INFOPLIST_KEY_UISupportedInterfaceOrientations_iPhone = "UIInterfaceOrientationPortrait UIInterfaceOrientationLandscapeLeft UIInterfaceOrientationLandscapeRight";
				LD_RUNPATH_SEARCH_PATHS = (
					"$(inherited)",
					"@executable_path/Frameworks",
				);
				MARKETING_VERSION = 1.0;
				PRODUCT_BUNDLE_IDENTIFIER = com.ismailpalali.ArtBook;
				PRODUCT_NAME = "$(TARGET_NAME)";
				SWIFT_EMIT_LOC_STRINGS = YES;
				SWIFT_VERSION = 5.0;
				TARGETED_DEVICE_FAMILY = "1,2";
			};
			name = Release;
		};
		177E08FD2791CD1500BA7AB9 /* Debug */ = {
			isa = XCBuildConfiguration;
			buildSettings = {
				ALWAYS_EMBED_SWIFT_STANDARD_LIBRARIES = YES;
				BUNDLE_LOADER = "$(TEST_HOST)";
				CODE_SIGN_STYLE = Automatic;
				CURRENT_PROJECT_VERSION = 1;
				DEVELOPMENT_TEAM = 78N4XSKUGS;
				GENERATE_INFOPLIST_FILE = YES;
				IPHONEOS_DEPLOYMENT_TARGET = 15.2;
				MARKETING_VERSION = 1.0;
				PRODUCT_BUNDLE_IDENTIFIER = com.ismailpalali.ArtBookTests;
				PRODUCT_NAME = "$(TARGET_NAME)";
				SWIFT_EMIT_LOC_STRINGS = NO;
				SWIFT_VERSION = 5.0;
				TARGETED_DEVICE_FAMILY = "1,2";
				TEST_HOST = "$(BUILT_PRODUCTS_DIR)/ArtBook.app/ArtBook";
			};
			name = Debug;
		};
		177E08FE2791CD1500BA7AB9 /* Release */ = {
			isa = XCBuildConfiguration;
			buildSettings = {
				ALWAYS_EMBED_SWIFT_STANDARD_LIBRARIES = YES;
				BUNDLE_LOADER = "$(TEST_HOST)";
				CODE_SIGN_STYLE = Automatic;
				CURRENT_PROJECT_VERSION = 1;
				DEVELOPMENT_TEAM = 78N4XSKUGS;
				GENERATE_INFOPLIST_FILE = YES;
				IPHONEOS_DEPLOYMENT_TARGET = 15.2;
				MARKETING_VERSION = 1.0;
				PRODUCT_BUNDLE_IDENTIFIER = com.ismailpalali.ArtBookTests;
				PRODUCT_NAME = "$(TARGET_NAME)";
				SWIFT_EMIT_LOC_STRINGS = NO;
				SWIFT_VERSION = 5.0;
				TARGETED_DEVICE_FAMILY = "1,2";
				TEST_HOST = "$(BUILT_PRODUCTS_DIR)/ArtBook.app/ArtBook";
			};
			name = Release;
		};
		177E09002791CD1500BA7AB9 /* Debug */ = {
			isa = XCBuildConfiguration;
			buildSettings = {
				ALWAYS_EMBED_SWIFT_STANDARD_LIBRARIES = YES;
				CODE_SIGN_STYLE = Automatic;
				CURRENT_PROJECT_VERSION = 1;
				DEVELOPMENT_TEAM = 78N4XSKUGS;
				GENERATE_INFOPLIST_FILE = YES;
				MARKETING_VERSION = 1.0;
				PRODUCT_BUNDLE_IDENTIFIER = com.ismailpalali.ArtBookUITests;
				PRODUCT_NAME = "$(TARGET_NAME)";
				SWIFT_EMIT_LOC_STRINGS = NO;
				SWIFT_VERSION = 5.0;
				TARGETED_DEVICE_FAMILY = "1,2";
				TEST_TARGET_NAME = ArtBook;
			};
			name = Debug;
		};
		177E09012791CD1500BA7AB9 /* Release */ = {
			isa = XCBuildConfiguration;
			buildSettings = {
				ALWAYS_EMBED_SWIFT_STANDARD_LIBRARIES = YES;
				CODE_SIGN_STYLE = Automatic;
				CURRENT_PROJECT_VERSION = 1;
				DEVELOPMENT_TEAM = 78N4XSKUGS;
				GENERATE_INFOPLIST_FILE = YES;
				MARKETING_VERSION = 1.0;
				PRODUCT_BUNDLE_IDENTIFIER = com.ismailpalali.ArtBookUITests;
				PRODUCT_NAME = "$(TARGET_NAME)";
				SWIFT_EMIT_LOC_STRINGS = NO;
				SWIFT_VERSION = 5.0;
				TARGETED_DEVICE_FAMILY = "1,2";
				TEST_TARGET_NAME = ArtBook;
			};
			name = Release;
		};
/* End XCBuildConfiguration section */

/* Begin XCConfigurationList section */
		177E08C72791CD1300BA7AB9 /* Build configuration list for PBXProject "ArtBook" */ = {
			isa = XCConfigurationList;
			buildConfigurations = (
				177E08F72791CD1500BA7AB9 /* Debug */,
				177E08F82791CD1500BA7AB9 /* Release */,
			);
			defaultConfigurationIsVisible = 0;
			defaultConfigurationName = Release;
		};
		177E08F92791CD1500BA7AB9 /* Build configuration list for PBXNativeTarget "ArtBook" */ = {
			isa = XCConfigurationList;
			buildConfigurations = (
				177E08FA2791CD1500BA7AB9 /* Debug */,
				177E08FB2791CD1500BA7AB9 /* Release */,
			);
			defaultConfigurationIsVisible = 0;
			defaultConfigurationName = Release;
		};
		177E08FC2791CD1500BA7AB9 /* Build configuration list for PBXNativeTarget "ArtBookTests" */ = {
			isa = XCConfigurationList;
			buildConfigurations = (
				177E08FD2791CD1500BA7AB9 /* Debug */,
				177E08FE2791CD1500BA7AB9 /* Release */,
			);
			defaultConfigurationIsVisible = 0;
			defaultConfigurationName = Release;
		};
		177E08FF2791CD1500BA7AB9 /* Build configuration list for PBXNativeTarget "ArtBookUITests" */ = {
			isa = XCConfigurationList;
			buildConfigurations = (
				177E09002791CD1500BA7AB9 /* Debug */,
				177E09012791CD1500BA7AB9 /* Release */,
			);
			defaultConfigurationIsVisible = 0;
			defaultConfigurationName = Release;
		};
/* End XCConfigurationList section */

/* Begin XCVersionGroup section */
		177E08D82791CD1300BA7AB9 /* ArtBook.xcdatamodeld */ = {
			isa = XCVersionGroup;
			children = (
				177E08D92791CD1300BA7AB9 /* ArtBook.xcdatamodel */,
			);
			currentVersion = 177E08D92791CD1300BA7AB9 /* ArtBook.xcdatamodel */;
			path = ArtBook.xcdatamodeld;
			sourceTree = "<group>";
			versionGroupType = wrapper.xcdatamodel;
		};
/* End XCVersionGroup section */
	};
	rootObject = 177E08C42791CD1300BA7AB9 /* Project object */;
}
